{
  "pins" : [
    {
      "identity" : "dinorunner",
      "kind" : "remoteSourceControl",
      "location" : "https://github.com/Sergey70/DinoRunner",
      "state" : {
        "revision" : "9ef81d9a654bfc021625e7f41769522afba2c422",
        "version" : "1.2.1"
      }
    }
  ],
  "version" : 2
}
