{
  "pins" : [
    {
      "identity" : "dinorunner",
      "kind" : "remoteSourceControl",
      "location" : "https://github.com/Sergey70/DinoRunner",
      "state" : {
        "revision" : "68b08999fc28736fa33f0297df1ec1ca31445cb3",
        "version" : "1.2.0"
      }
    }
  ],
  "version" : 2
}
