{
  "pins" : [
    {
      "identity" : "dinorunner",
      "kind" : "remoteSourceControl",
      "location" : "https://github.com/Sergey70/DinoRunner",
      "state" : {
        "revision" : "f2bd86973d587301d6b30956cb20e9f72fcd583e",
        "version" : "1.2.0"
      }
    }
  ],
  "version" : 2
}
