// !$*UTF8*$!
{
	archiveVersion = 1;
	classes = {
	};
	objectVersion = 55;
	objects = {

/* Begin PBXBuildFile section */
		591EBB9EE0F25F312D546A6E /* Pods_DinoRunner_Demo.framework in Frameworks */ = {isa = PBXBuildFile; fileRef = A883D6FAA7E19FDB47D3ADE6 /* Pods_DinoRunner_Demo.framework */; };
		A56F0DA027E805FC001B760F /* DinoRunner.podspec in Resources */ = {isa = PBXBuildFile; fileRef = A56F0D9F27E805FB001B760F /* DinoRunner.podspec */; };
		A56F0DA227E806BE001B760F /* README.md in Resources */ = {isa = PBXBuildFile; fileRef = A56F0DA127E806BE001B760F /* README.md */; };
		A58971C927E6493E00C19FF8 /* AppDelegate.swift in Sources */ = {isa = PBXBuildFile; fileRef = A58971C827E6493E00C19FF8 /* AppDelegate.swift */; };
		A58971CD27E6493E00C19FF8 /* ViewController.swift in Sources */ = {isa = PBXBuildFile; fileRef = A58971CC27E6493E00C19FF8 /* ViewController.swift */; };
		A58971D027E6493E00C19FF8 /* Main.storyboard in Resources */ = {isa = PBXBuildFile; fileRef = A58971CE27E6493E00C19FF8 /* Main.storyboard */; };
		A58971D227E6494000C19FF8 /* Assets.xcassets in Resources */ = {isa = PBXBuildFile; fileRef = A58971D127E6494000C19FF8 /* Assets.xcassets */; };
		A58971D527E6494000C19FF8 /* LaunchScreen.storyboard in Resources */ = {isa = PBXBuildFile; fileRef = A58971D327E6494000C19FF8 /* LaunchScreen.storyboard */; };
/* End PBXBuildFile section */

/* Begin PBXFileReference section */
		0DA41EF7FAC31DAA102E9011 /* Pods-DinoRunner-Demo.release.xcconfig */ = {isa = PBXFileReference; includeInIndex = 1; lastKnownFileType = text.xcconfig; name = "Pods-DinoRunner-Demo.release.xcconfig"; path = "Target Support Files/Pods-DinoRunner-Demo/Pods-DinoRunner-Demo.release.xcconfig"; sourceTree = "<group>"; };
		A56F0D9F27E805FB001B760F /* DinoRunner.podspec */ = {isa = PBXFileReference; fileEncoding = 4; lastKnownFileType = text; name = DinoRunner.podspec; path = ../DinoRunner.podspec; sourceTree = "<group>"; };
		A56F0DA127E806BE001B760F /* README.md */ = {isa = PBXFileReference; fileEncoding = 4; lastKnownFileType = net.daringfireball.markdown; name = README.md; path = ../README.md; sourceTree = "<group>"; };
		A58971C527E6493E00C19FF8 /* DinoRunner-Demo.app */ = {isa = PBXFileReference; explicitFileType = wrapper.application; includeInIndex = 0; path = "DinoRunner-Demo.app"; sourceTree = BUILT_PRODUCTS_DIR; };
		A58971C827E6493E00C19FF8 /* AppDelegate.swift */ = {isa = PBXFileReference; lastKnownFileType = sourcecode.swift; path = AppDelegate.swift; sourceTree = "<group>"; };
		A58971CC27E6493E00C19FF8 /* ViewController.swift */ = {isa = PBXFileReference; lastKnownFileType = sourcecode.swift; path = ViewController.swift; sourceTree = "<group>"; };
		A58971CF27E6493E00C19FF8 /* Base */ = {isa = PBXFileReference; lastKnownFileType = file.storyboard; name = Base; path = Base.lproj/Main.storyboard; sourceTree = "<group>"; };
		A58971D127E6494000C19FF8 /* Assets.xcassets */ = {isa = PBXFileReference; lastKnownFileType = folder.assetcatalog; path = Assets.xcassets; sourceTree = "<group>"; };
		A58971D427E6494000C19FF8 /* Base */ = {isa = PBXFileReference; lastKnownFileType = file.storyboard; name = Base; path = Base.lproj/LaunchScreen.storyboard; sourceTree = "<group>"; };
		A58971D627E6494000C19FF8 /* Info.plist */ = {isa = PBXFileReference; lastKnownFileType = text.plist.xml; path = Info.plist; sourceTree = "<group>"; };
		A883D6FAA7E19FDB47D3ADE6 /* Pods_DinoRunner_Demo.framework */ = {isa = PBXFileReference; explicitFileType = wrapper.framework; includeInIndex = 0; path = Pods_DinoRunner_Demo.framework; sourceTree = BUILT_PRODUCTS_DIR; };
		AFEFA7D11C1273BCA0A9C7D5 /* Pods-DinoRunner-Demo.debug.xcconfig */ = {isa = PBXFileReference; includeInIndex = 1; lastKnownFileType = text.xcconfig; name = "Pods-DinoRunner-Demo.debug.xcconfig"; path = "Target Support Files/Pods-DinoRunner-Demo/Pods-DinoRunner-Demo.debug.xcconfig"; sourceTree = "<group>"; };
/* End PBXFileReference section */

/* Begin PBXFrameworksBuildPhase section */
		A58971C227E6493E00C19FF8 /* Frameworks */ = {
			isa = PBXFrameworksBuildPhase;
			buildActionMask = 2147483647;
			files = (
				591EBB9EE0F25F312D546A6E /* Pods_DinoRunner_Demo.framework in Frameworks */,
			);
			runOnlyForDeploymentPostprocessing = 0;
		};
/* End PBXFrameworksBuildPhase section */

/* Begin PBXGroup section */
		3CD2EB9B28339D05841F138B /* Pods */ = {
			isa = PBXGroup;
			children = (
				AFEFA7D11C1273BCA0A9C7D5 /* Pods-DinoRunner-Demo.debug.xcconfig */,
				0DA41EF7FAC31DAA102E9011 /* Pods-DinoRunner-Demo.release.xcconfig */,
			);
			name = Pods;
			path = ../Pods;
			sourceTree = "<group>";
		};
		911737345782802798341F48 /* Frameworks */ = {
			isa = PBXGroup;
			children = (
				A883D6FAA7E19FDB47D3ADE6 /* Pods_DinoRunner_Demo.framework */,
			);
			name = Frameworks;
			sourceTree = "<group>";
		};
		A58971BC27E6493E00C19FF8 = {
			isa = PBXGroup;
			children = (
				A56F0D9F27E805FB001B760F /* DinoRunner.podspec */,
				A56F0DA127E806BE001B760F /* README.md */,
				A58971C727E6493E00C19FF8 /* DinoRunner-Demo */,
				A58971C627E6493E00C19FF8 /* Products */,
				3CD2EB9B28339D05841F138B /* Pods */,
				911737345782802798341F48 /* Frameworks */,
			);
			sourceTree = "<group>";
		};
		A58971C627E6493E00C19FF8 /* Products */ = {
			isa = PBXGroup;
			children = (
				A58971C527E6493E00C19FF8 /* DinoRunner-Demo.app */,
			);
			name = Products;
			sourceTree = "<group>";
		};
		A58971C727E6493E00C19FF8 /* DinoRunner-Demo */ = {
			isa = PBXGroup;
			children = (
				A58971C827E6493E00C19FF8 /* AppDelegate.swift */,
				A58971CC27E6493E00C19FF8 /* ViewController.swift */,
				A58971CE27E6493E00C19FF8 /* Main.storyboard */,
				A58971D127E6494000C19FF8 /* Assets.xcassets */,
				A58971D327E6494000C19FF8 /* LaunchScreen.storyboard */,
				A58971D627E6494000C19FF8 /* Info.plist */,
			);
			path = "DinoRunner-Demo";
			sourceTree = "<group>";
		};
/* End PBXGroup section */

/* Begin PBXNativeTarget section */
		A58971C427E6493E00C19FF8 /* DinoRunner-Demo */ = {
			isa = PBXNativeTarget;
			buildConfigurationList = A58971D927E6494000C19FF8 /* Build configuration list for PBXNativeTarget "DinoRunner-Demo" */;
			buildPhases = (
				02931BA65B47581FFC8AA115 /* [CP] Check Pods Manifest.lock */,
				A58971C127E6493E00C19FF8 /* Sources */,
				A58971C227E6493E00C19FF8 /* Frameworks */,
				A58971C327E6493E00C19FF8 /* Resources */,
				327796F48FDCB8A9E652A529 /* [CP] Embed Pods Frameworks */,
			);
			buildRules = (
			);
			dependencies = (
			);
			name = "DinoRunner-Demo";
			productName = "DinoRunner-Demo";
			productReference = A58971C527E6493E00C19FF8 /* DinoRunner-Demo.app */;
			productType = "com.apple.product-type.application";
		};
/* End PBXNativeTarget section */

/* Begin PBXProject section */
		A58971BD27E6493E00C19FF8 /* Project object */ = {
			isa = PBXProject;
			attributes = {
				BuildIndependentTargetsInParallel = 1;
				LastSwiftUpdateCheck = 1320;
				LastUpgradeCheck = 1320;
				TargetAttributes = {
					A58971C427E6493E00C19FF8 = {
						CreatedOnToolsVersion = 13.2.1;
					};
				};
			};
			buildConfigurationList = A58971C027E6493E00C19FF8 /* Build configuration list for PBXProject "DinoRunner-Demo" */;
			compatibilityVersion = "Xcode 13.0";
			developmentRegion = en;
			hasScannedForEncodings = 0;
			knownRegions = (
				en,
				Base,
			);
			mainGroup = A58971BC27E6493E00C19FF8;
			productRefGroup = A58971C627E6493E00C19FF8 /* Products */;
			projectDirPath = "";
			projectRoot = "";
			targets = (
				A58971C427E6493E00C19FF8 /* DinoRunner-Demo */,
			);
		};
/* End PBXProject section */

/* Begin PBXResourcesBuildPhase section */
		A58971C327E6493E00C19FF8 /* Resources */ = {
			isa = PBXResourcesBuildPhase;
			buildActionMask = 2147483647;
			files = (
				A58971D527E6494000C19FF8 /* LaunchScreen.storyboard in Resources */,
				A58971D227E6494000C19FF8 /* Assets.xcassets in Resources */,
				A56F0DA227E806BE001B760F /* README.md in Resources */,
				A56F0DA027E805FC001B760F /* DinoRunner.podspec in Resources */,
				A58971D027E6493E00C19FF8 /* Main.storyboard in Resources */,
			);
			runOnlyForDeploymentPostprocessing = 0;
		};
/* End PBXResourcesBuildPhase section */

/* Begin PBXShellScriptBuildPhase section */
		02931BA65B47581FFC8AA115 /* [CP] Check Pods Manifest.lock */ = {
			isa = PBXShellScriptBuildPhase;
			buildActionMask = 2147483647;
			files = (
			);
			inputFileListPaths = (
			);
			inputPaths = (
				"${PODS_PODFILE_DIR_PATH}/Podfile.lock",
				"${PODS_ROOT}/Manifest.lock",
			);
			name = "[CP] Check Pods Manifest.lock";
			outputFileListPaths = (
			);
			outputPaths = (
				"$(DERIVED_FILE_DIR)/Pods-DinoRunner-Demo-checkManifestLockResult.txt",
			);
			runOnlyForDeploymentPostprocessing = 0;
			shellPath = /bin/sh;
			shellScript = "diff \"${PODS_PODFILE_DIR_PATH}/Podfile.lock\" \"${PODS_ROOT}/Manifest.lock\" > /dev/null\nif [ $? != 0 ] ; then\n    # print error to STDERR\n    echo \"error: The sandbox is not in sync with the Podfile.lock. Run 'pod install' or update your CocoaPods installation.\" >&2\n    exit 1\nfi\n# This output is used by Xcode 'outputs' to avoid re-running this script phase.\necho \"SUCCESS\" > \"${SCRIPT_OUTPUT_FILE_0}\"\n";
			showEnvVarsInLog = 0;
		};
		327796F48FDCB8A9E652A529 /* [CP] Embed Pods Frameworks */ = {
			isa = PBXShellScriptBuildPhase;
			buildActionMask = 2147483647;
			files = (
			);
			inputFileListPaths = (
				"${PODS_ROOT}/Target Support Files/Pods-DinoRunner-Demo/Pods-DinoRunner-Demo-frameworks-${CONFIGURATION}-input-files.xcfilelist",
			);
			name = "[CP] Embed Pods Frameworks";
			outputFileListPaths = (
				"${PODS_ROOT}/Target Support Files/Pods-DinoRunner-Demo/Pods-DinoRunner-Demo-frameworks-${CONFIGURATION}-output-files.xcfilelist",
			);
			runOnlyForDeploymentPostprocessing = 0;
			shellPath = /bin/sh;
			shellScript = "\"${PODS_ROOT}/Target Support Files/Pods-DinoRunner-Demo/Pods-DinoRunner-Demo-frameworks.sh\"\n";
			showEnvVarsInLog = 0;
		};
/* End PBXShellScriptBuildPhase section */

/* Begin PBXSourcesBuildPhase section */
		A58971C127E6493E00C19FF8 /* Sources */ = {
			isa = PBXSourcesBuildPhase;
			buildActionMask = 2147483647;
			files = (
				A58971CD27E6493E00C19FF8 /* ViewController.swift in Sources */,
				A58971C927E6493E00C19FF8 /* AppDelegate.swift in Sources */,
			);
			runOnlyForDeploymentPostprocessing = 0;
		};
/* End PBXSourcesBuildPhase section */

/* Begin PBXVariantGroup section */
		A58971CE27E6493E00C19FF8 /* Main.storyboard */ = {
			isa = PBXVariantGroup;
			children = (
				A58971CF27E6493E00C19FF8 /* Base */,
			);
			name = Main.storyboard;
			sourceTree = "<group>";
		};
		A58971D327E6494000C19FF8 /* LaunchScreen.storyboard */ = {
			isa = PBXVariantGroup;
			children = (
				A58971D427E6494000C19FF8 /* Base */,
			);
			name = LaunchScreen.storyboard;
			sourceTree = "<group>";
		};
/* End PBXVariantGroup section */

/* Begin XCBuildConfiguration section */
		A58971D727E6494000C19FF8 /* Debug */ = {
			isa = XCBuildConfiguration;
			buildSettings = {
				ALWAYS_SEARCH_USER_PATHS = NO;
				CLANG_ANALYZER_NONNULL = YES;
				CLANG_ANALYZER_NUMBER_OBJECT_CONVERSION = YES_AGGRESSIVE;
				CLANG_CXX_LANGUAGE_STANDARD = "gnu++17";
				CLANG_CXX_LIBRARY = "libc++";
				CLANG_ENABLE_MODULES = YES;
				CLANG_ENABLE_OBJC_ARC = YES;
				CLANG_ENABLE_OBJC_WEAK = YES;
				CLANG_WARN_BLOCK_CAPTURE_AUTORELEASING = YES;
				CLANG_WARN_BOOL_CONVERSION = YES;
				CLANG_WARN_COMMA = YES;
				CLANG_WARN_CONSTANT_CONVERSION = YES;
				CLANG_WARN_DEPRECATED_OBJC_IMPLEMENTATIONS = YES;
				CLANG_WARN_DIRECT_OBJC_ISA_USAGE = YES_ERROR;
				CLANG_WARN_DOCUMENTATION_COMMENTS = YES;
				CLANG_WARN_EMPTY_BODY = YES;
				CLANG_WARN_ENUM_CONVERSION = YES;
				CLANG_WARN_INFINITE_RECURSION = YES;
				CLANG_WARN_INT_CONVERSION = YES;
				CLANG_WARN_NON_LITERAL_NULL_CONVERSION = YES;
				CLANG_WARN_OBJC_IMPLICIT_RETAIN_SELF = YES;
				CLANG_WARN_OBJC_LITERAL_CONVERSION = YES;
				CLANG_WARN_OBJC_ROOT_CLASS = YES_ERROR;
				CLANG_WARN_QUOTED_INCLUDE_IN_FRAMEWORK_HEADER = YES;
				CLANG_WARN_RANGE_LOOP_ANALYSIS = YES;
				CLANG_WARN_STRICT_PROTOTYPES = YES;
				CLANG_WARN_SUSPICIOUS_MOVE = YES;
				CLANG_WARN_UNGUARDED_AVAILABILITY = YES_AGGRESSIVE;
				CLANG_WARN_UNREACHABLE_CODE = YES;
				CLANG_WARN__DUPLICATE_METHOD_MATCH = YES;
				COPY_PHASE_STRIP = NO;
				DEBUG_INFORMATION_FORMAT = dwarf;
				ENABLE_STRICT_OBJC_MSGSEND = YES;
				ENABLE_TESTABILITY = YES;
				GCC_C_LANGUAGE_STANDARD = gnu11;
				GCC_DYNAMIC_NO_PIC = NO;
				GCC_NO_COMMON_BLOCKS = YES;
				GCC_OPTIMIZATION_LEVEL = 0;
				GCC_PREPROCESSOR_DEFINITIONS = (
					"DEBUG=1",
					"$(inherited)",
				);
				GCC_WARN_64_TO_32_BIT_CONVERSION = YES;
				GCC_WARN_ABOUT_RETURN_TYPE = YES_ERROR;
				GCC_WARN_UNDECLARED_SELECTOR = YES;
				GCC_WARN_UNINITIALIZED_AUTOS = YES_AGGRESSIVE;
				GCC_WARN_UNUSED_FUNCTION = YES;
				GCC_WARN_UNUSED_VARIABLE = YES;
				IPHONEOS_DEPLOYMENT_TARGET = 12.0;
				MTL_ENABLE_DEBUG_INFO = INCLUDE_SOURCE;
				MTL_FAST_MATH = YES;
				ONLY_ACTIVE_ARCH = YES;
				SDKROOT = iphoneos;
				SWIFT_ACTIVE_COMPILATION_CONDITIONS = DEBUG;
				SWIFT_OPTIMIZATION_LEVEL = "-Onone";
			};
			name = Debug;
		};
		A58971D827E6494000C19FF8 /* Release */ = {
			isa = XCBuildConfiguration;
			buildSettings = {
				ALWAYS_SEARCH_USER_PATHS = NO;
				CLANG_ANALYZER_NONNULL = YES;
				CLANG_ANALYZER_NUMBER_OBJECT_CONVERSION = YES_AGGRESSIVE;
				CLANG_CXX_LANGUAGE_STANDARD = "gnu++17";
				CLANG_CXX_LIBRARY = "libc++";
				CLANG_ENABLE_MODULES = YES;
				CLANG_ENABLE_OBJC_ARC = YES;
				CLANG_ENABLE_OBJC_WEAK = YES;
				CLANG_WARN_BLOCK_CAPTURE_AUTORELEASING = YES;
				CLANG_WARN_BOOL_CONVERSION = YES;
				CLANG_WARN_COMMA = YES;
				CLANG_WARN_CONSTANT_CONVERSION = YES;
				CLANG_WARN_DEPRECATED_OBJC_IMPLEMENTATIONS = YES;
				CLANG_WARN_DIRECT_OBJC_ISA_USAGE = YES_ERROR;
				CLANG_WARN_DOCUMENTATION_COMMENTS = YES;
				CLANG_WARN_EMPTY_BODY = YES;
				CLANG_WARN_ENUM_CONVERSION = YES;
				CLANG_WARN_INFINITE_RECURSION = YES;
				CLANG_WARN_INT_CONVERSION = YES;
				CLANG_WARN_NON_LITERAL_NULL_CONVERSION = YES;
				CLANG_WARN_OBJC_IMPLICIT_RETAIN_SELF = YES;
				CLANG_WARN_OBJC_LITERAL_CONVERSION = YES;
				CLANG_WARN_OBJC_ROOT_CLASS = YES_ERROR;
				CLANG_WARN_QUOTED_INCLUDE_IN_FRAMEWORK_HEADER = YES;
				CLANG_WARN_RANGE_LOOP_ANALYSIS = YES;
				CLANG_WARN_STRICT_PROTOTYPES = YES;
				CLANG_WARN_SUSPICIOUS_MOVE = YES;
				CLANG_WARN_UNGUARDED_AVAILABILITY = YES_AGGRESSIVE;
				CLANG_WARN_UNREACHABLE_CODE = YES;
				CLANG_WARN__DUPLICATE_METHOD_MATCH = YES;
				COPY_PHASE_STRIP = NO;
				DEBUG_INFORMATION_FORMAT = "dwarf-with-dsym";
				ENABLE_NS_ASSERTIONS = NO;
				ENABLE_STRICT_OBJC_MSGSEND = YES;
				GCC_C_LANGUAGE_STANDARD = gnu11;
				GCC_NO_COMMON_BLOCKS = YES;
				GCC_WARN_64_TO_32_BIT_CONVERSION = YES;
				GCC_WARN_ABOUT_RETURN_TYPE = YES_ERROR;
				GCC_WARN_UNDECLARED_SELECTOR = YES;
				GCC_WARN_UNINITIALIZED_AUTOS = YES_AGGRESSIVE;
				GCC_WARN_UNUSED_FUNCTION = YES;
				GCC_WARN_UNUSED_VARIABLE = YES;
				IPHONEOS_DEPLOYMENT_TARGET = 12.0;
				MTL_ENABLE_DEBUG_INFO = NO;
				MTL_FAST_MATH = YES;
				SDKROOT = iphoneos;
				SWIFT_COMPILATION_MODE = wholemodule;
				SWIFT_OPTIMIZATION_LEVEL = "-O";
				VALIDATE_PRODUCT = YES;
			};
			name = Release;
		};
		A58971DA27E6494000C19FF8 /* Debug */ = {
			isa = XCBuildConfiguration;
			baseConfigurationReference = AFEFA7D11C1273BCA0A9C7D5 /* Pods-DinoRunner-Demo.debug.xcconfig */;
			buildSettings = {
				ASSETCATALOG_COMPILER_APPICON_NAME = AppIcon;
				ASSETCATALOG_COMPILER_GLOBAL_ACCENT_COLOR_NAME = AccentColor;
				CODE_SIGN_STYLE = Automatic;
				CURRENT_PROJECT_VERSION = 1;
				GENERATE_INFOPLIST_FILE = YES;
				INFOPLIST_FILE = "DinoRunner-Demo/Info.plist";
				INFOPLIST_KEY_UIApplicationSupportsIndirectInputEvents = YES;
				INFOPLIST_KEY_UILaunchStoryboardName = LaunchScreen;
				INFOPLIST_KEY_UIMainStoryboardFile = Main;
				INFOPLIST_KEY_UISupportedInterfaceOrientations_iPad = "UIInterfaceOrientationPortrait UIInterfaceOrientationPortraitUpsideDown UIInterfaceOrientationLandscapeLeft UIInterfaceOrientationLandscapeRight";
				INFOPLIST_KEY_UISupportedInterfaceOrientations_iPhone = "UIInterfaceOrientationPortrait UIInterfaceOrientationLandscapeLeft UIInterfaceOrientationLandscapeRight";
				IPHONEOS_DEPLOYMENT_TARGET = 12.0;
				LD_RUNPATH_SEARCH_PATHS = (
					"$(inherited)",
					"@executable_path/Frameworks",
				);
				MARKETING_VERSION = 1.0;
				PRODUCT_BUNDLE_IDENTIFIER = "com.DinoRunner-Demo";
				PRODUCT_NAME = "$(TARGET_NAME)";
				SWIFT_EMIT_LOC_STRINGS = YES;
				SWIFT_VERSION = 5.0;
				TARGETED_DEVICE_FAMILY = "1,2";
			};
			name = Debug;
		};
		A58971DB27E6494000C19FF8 /* Release */ = {
			isa = XCBuildConfiguration;
			baseConfigurationReference = 0DA41EF7FAC31DAA102E9011 /* Pods-DinoRunner-Demo.release.xcconfig */;
			buildSettings = {
				ASSETCATALOG_COMPILER_APPICON_NAME = AppIcon;
				ASSETCATALOG_COMPILER_GLOBAL_ACCENT_COLOR_NAME = AccentColor;
				CODE_SIGN_STYLE = Automatic;
				CURRENT_PROJECT_VERSION = 1;
				GENERATE_INFOPLIST_FILE = YES;
				INFOPLIST_FILE = "DinoRunner-Demo/Info.plist";
				INFOPLIST_KEY_UIApplicationSupportsIndirectInputEvents = YES;
				INFOPLIST_KEY_UILaunchStoryboardName = LaunchScreen;
				INFOPLIST_KEY_UIMainStoryboardFile = Main;
				INFOPLIST_KEY_UISupportedInterfaceOrientations_iPad = "UIInterfaceOrientationPortrait UIInterfaceOrientationPortraitUpsideDown UIInterfaceOrientationLandscapeLeft UIInterfaceOrientationLandscapeRight";
				INFOPLIST_KEY_UISupportedInterfaceOrientations_iPhone = "UIInterfaceOrientationPortrait UIInterfaceOrientationLandscapeLeft UIInterfaceOrientationLandscapeRight";
				IPHONEOS_DEPLOYMENT_TARGET = 12.0;
				LD_RUNPATH_SEARCH_PATHS = (
					"$(inherited)",
					"@executable_path/Frameworks",
				);
				MARKETING_VERSION = 1.0;
				PRODUCT_BUNDLE_IDENTIFIER = "com.DinoRunner-Demo";
				PRODUCT_NAME = "$(TARGET_NAME)";
				SWIFT_EMIT_LOC_STRINGS = YES;
				SWIFT_VERSION = 5.0;
				TARGETED_DEVICE_FAMILY = "1,2";
			};
			name = Release;
		};
/* End XCBuildConfiguration section */

/* Begin XCConfigurationList section */
		A58971C027E6493E00C19FF8 /* Build configuration list for PBXProject "DinoRunner-Demo" */ = {
			isa = XCConfigurationList;
			buildConfigurations = (
				A58971D727E6494000C19FF8 /* Debug */,
				A58971D827E6494000C19FF8 /* Release */,
			);
			defaultConfigurationIsVisible = 0;
			defaultConfigurationName = Release;
		};
		A58971D927E6494000C19FF8 /* Build configuration list for PBXNativeTarget "DinoRunner-Demo" */ = {
			isa = XCConfigurationList;
			buildConfigurations = (
				A58971DA27E6494000C19FF8 /* Debug */,
				A58971DB27E6494000C19FF8 /* Release */,
			);
			defaultConfigurationIsVisible = 0;
			defaultConfigurationName = Release;
		};
/* End XCConfigurationList section */
	};
	rootObject = A58971BD27E6493E00C19FF8 /* Project object */;
}
